{
  "originHash" : "b77256718cde9bad0077ca245e5d3faa95561d87477fe38ef1a8952097ef9a59",
  "pins" : [
    {
      "identity" : "camera-swiftui",
      "kind" : "remoteSourceControl",
      "location" : "https://github.com/rorodriguez116/Camera-SwiftUI.git",
      "state" : {
        "revision" : "a83ad04ec213095e14d71491af8b55e7575a7b40",
        "version" : "0.5.0"
      }
    },
    {
      "identity" : "networkimage",
      "kind" : "remoteSourceControl",
      "location" : "https://github.com/gonzalezreal/NetworkImage",
      "state" : {
        "revision" : "7aff8d1b31148d32c5933d75557d42f6323ee3d1",
        "version" : "6.0.0"
      }
    },
    {
      "identity" : "openai",
      "kind" : "remoteSourceControl",
      "location" : "https://github.com/FuturraGroup/OpenAI.git",
      "state" : {
        "revision" : "0f50bc2531639e1093d93d5a02dc2a99e0697ef5",
        "version" : "1.9.3"
      }
    },
    {
      "identity" : "swift-markdown-ui",
      "kind" : "remoteSourceControl",
      "location" : "https://github.com/gonzalezreal/swift-markdown-ui",
      "state" : {
        "revision" : "9a8119b37e09a770367eeb26e05267c75d854053",
        "version" : "2.3.1"
      }
    }
  ],
  "version" : 3
}
