// !$*UTF8*$!
{
	archiveVersion = 1;
	classes = {
	};
	objectVersion = 53;
	objects = {

/* Begin PBXBuildFile section */
		55F89780B925B62D1E06523A /* Pods_LOGIT.framework in Frameworks */ = {isa = PBXBuildFile; fileRef = 22040B8B5D5971A78B9E3A04 /* Pods_LOGIT.framework */; };
		790130A9291C4B9B00EF8955 /* Launch Screen.storyboard in Resources */ = {isa = PBXBuildFile; fileRef = 790130A8291C4B9B00EF8955 /* Launch Screen.storyboard */; };
		7907B5A5280B73E7003E5515 /* Database+Preview.swift in Sources */ = {isa = PBXBuildFile; fileRef = 7907B5A4280B73E7003E5515 /* Database+Preview.swift */; };
		7907FDEA289E99B1006AF271 /* CloudKit.framework in Frameworks */ = {isa = PBXBuildFile; fileRef = 7907FDE9289E99B1006AF271 /* CloudKit.framework */; };
		790E1A34279DB5B300EDB715 /* Database.swift in Sources */ = {isa = PBXBuildFile; fileRef = 790E1A33279DB5B300EDB715 /* Database.swift */; };
		790E8F112A48B89900EA1430 /* timer.wav in Resources */ = {isa = PBXBuildFile; fileRef = 790E8F102A48B89900EA1430 /* timer.wav */; };
		7919C5FD2A7410FB00F35493 /* WorkoutSetGroupCell.swift in Sources */ = {isa = PBXBuildFile; fileRef = 7919C5FC2A7410FB00F35493 /* WorkoutSetGroupCell.swift */; };
		7919C6002A742EB900F35493 /* OnDeleteModifier.swift in Sources */ = {isa = PBXBuildFile; fileRef = 7919C5FF2A742EB900F35493 /* OnDeleteModifier.swift */; };
		791F556729EC768100902352 /* StandardSetCell.swift in Sources */ = {isa = PBXBuildFile; fileRef = 791F556329EC768100902352 /* StandardSetCell.swift */; };
		791F556829EC768100902352 /* WorkoutSetCell.swift in Sources */ = {isa = PBXBuildFile; fileRef = 791F556429EC768100902352 /* WorkoutSetCell.swift */; };
		791F556929EC768100902352 /* DropSetCell.swift in Sources */ = {isa = PBXBuildFile; fileRef = 791F556529EC768100902352 /* DropSetCell.swift */; };
		791F556A29EC768100902352 /* SuperSetCell.swift in Sources */ = {isa = PBXBuildFile; fileRef = 791F556629EC768100902352 /* SuperSetCell.swift */; };
		792156D02A9539530010A0FC /* TileHeaderStyle.swift in Sources */ = {isa = PBXBuildFile; fileRef = 792156CF2A9539530010A0FC /* TileHeaderStyle.swift */; };
		792156D22A955DD40010A0FC /* TipView.swift in Sources */ = {isa = PBXBuildFile; fileRef = 792156D12A955DD40010A0FC /* TipView.swift */; };
		7927C3E52A82F725006B99D8 /* TargetPerWeekView.swift in Sources */ = {isa = PBXBuildFile; fileRef = 7927C3E42A82F725006B99D8 /* TargetPerWeekView.swift */; };
		792DAB7327EB97E80062C20D /* LineGraph.swift in Sources */ = {isa = PBXBuildFile; fileRef = 792DAB7227EB97E80062C20D /* LineGraph.swift */; };
		792DAB7527EB9AD30062C20D /* Int+.swift in Sources */ = {isa = PBXBuildFile; fileRef = 792DAB7427EB9AD30062C20D /* Int+.swift */; };
		792F9741280AC65D0032761C /* Database+EntityCreation.swift in Sources */ = {isa = PBXBuildFile; fileRef = 792F9740280AC65D0032761C /* Database+EntityCreation.swift */; };
		793CB8A82975BB1B00140D2B /* IntegerField.swift in Sources */ = {isa = PBXBuildFile; fileRef = 793CB8A72975BB1B00140D2B /* IntegerField.swift */; };
		79407A8B2772380C004F32A3 /* UnitView.swift in Sources */ = {isa = PBXBuildFile; fileRef = 79407A8A2772380C004F32A3 /* UnitView.swift */; };
		79488DD72A7558B2005C485D /* EnvironmentValues+.swift in Sources */ = {isa = PBXBuildFile; fileRef = 79488DD62A7558B2005C485D /* EnvironmentValues+.swift */; };
		79488DD92A755AEB005C485D /* CanEditModifier.swift in Sources */ = {isa = PBXBuildFile; fileRef = 79488DD82A755AEB005C485D /* CanEditModifier.swift */; };
		79488DDB2A755C52005C485D /* WorkoutSetGroupList.swift in Sources */ = {isa = PBXBuildFile; fileRef = 79488DDA2A755C52005C485D /* WorkoutSetGroupList.swift */; };
		79488DDE2A76ED3A005C485D /* TemplateSetGroupCell.swift in Sources */ = {isa = PBXBuildFile; fileRef = 79488DDD2A76ED3A005C485D /* TemplateSetGroupCell.swift */; };
		79488DE52A76F00C005C485D /* TemplateSetCell.swift in Sources */ = {isa = PBXBuildFile; fileRef = 79488DE42A76EE65005C485D /* TemplateSetCell.swift */; };
		79488DE62A76F00F005C485D /* TemplateDropSetCell.swift in Sources */ = {isa = PBXBuildFile; fileRef = 79488DE22A76EE65005C485D /* TemplateDropSetCell.swift */; };
		79488DE72A76F012005C485D /* TemplateStandardSetCell.swift in Sources */ = {isa = PBXBuildFile; fileRef = 79488DE32A76EE65005C485D /* TemplateStandardSetCell.swift */; };
		79488DE82A76F014005C485D /* TemplateSuperSetCell.swift in Sources */ = {isa = PBXBuildFile; fileRef = 79488DE12A76EE65005C485D /* TemplateSuperSetCell.swift */; };
		79488DEA2A76FB4E005C485D /* MuscleGroupGradientStyle.swift in Sources */ = {isa = PBXBuildFile; fileRef = 79488DE92A76FB4E005C485D /* MuscleGroupGradientStyle.swift */; };
		79488DEC2A770C7D005C485D /* EmptyPlaceholderModifier.swift in Sources */ = {isa = PBXBuildFile; fileRef = 79488DEB2A770C7D005C485D /* EmptyPlaceholderModifier.swift */; };
		79488DEE2A770CB9005C485D /* OnSwipeDownModifier.swift in Sources */ = {isa = PBXBuildFile; fileRef = 79488DED2A770CB9005C485D /* OnSwipeDownModifier.swift */; };
		79488DF02A770CE4005C485D /* KeyboardToolbarButtonStyle.swift in Sources */ = {isa = PBXBuildFile; fileRef = 79488DEF2A770CE4005C485D /* KeyboardToolbarButtonStyle.swift */; };
		794C3C442804AD1A003CB9F1 /* Localizable.strings in Resources */ = {isa = PBXBuildFile; fileRef = 794C3C462804AD1A003CB9F1 /* Localizable.strings */; };
		794DAC632A320919006F0168 /* ChronoView.swift in Sources */ = {isa = PBXBuildFile; fileRef = 794DAC622A320919006F0168 /* ChronoView.swift */; };
		794E64FC28EE38F3003AACDD /* ExerciseCell.swift in Sources */ = {isa = PBXBuildFile; fileRef = 794E64FB28EE38F3003AACDD /* ExerciseCell.swift */; };
		794E64FE28EE3A69003AACDD /* ColorMeter.swift in Sources */ = {isa = PBXBuildFile; fileRef = 794E64FD28EE3A69003AACDD /* ColorMeter.swift */; };
		79511D072925A2EE00AF8363 /* TargetPerWeekDetailScreen.swift in Sources */ = {isa = PBXBuildFile; fileRef = 79511D062925A2EE00AF8363 /* TargetPerWeekDetailScreen.swift */; };
		7955EEAE27FDC2F30010693C /* TemplateListScreen.swift in Sources */ = {isa = PBXBuildFile; fileRef = 7955EEAD27FDC2F30010693C /* TemplateListScreen.swift */; };
		7955EEB227FDC5680010693C /* TemplateCell.swift in Sources */ = {isa = PBXBuildFile; fileRef = 7955EEB127FDC5680010693C /* TemplateCell.swift */; };
		7955EEB427FDD8820010693C /* StartWorkoutScreen.swift in Sources */ = {isa = PBXBuildFile; fileRef = 7955EEB327FDD8820010693C /* StartWorkoutScreen.swift */; };
		795A48812A6899A10008A458 /* Chronograph.swift in Sources */ = {isa = PBXBuildFile; fileRef = 795A48802A6899A10008A458 /* Chronograph.swift */; };
		795BFA3028384C07005E59FE /* TemplateSet+.swift in Sources */ = {isa = PBXBuildFile; fileRef = 795BFA2F28384C07005E59FE /* TemplateSet+.swift */; };
		795D6E6327F50E6A00A71807 /* Timer.swift in Sources */ = {isa = PBXBuildFile; fileRef = 795D6E6227F50E6A00A71807 /* Timer.swift */; };
		795D9B8B282EC34B00866C06 /* DropSet+.swift in Sources */ = {isa = PBXBuildFile; fileRef = 795D9B8A282EC34B00866C06 /* DropSet+.swift */; };
		7962583C2933BA2B003AC2AC /* ProgressCircleButton.swift in Sources */ = {isa = PBXBuildFile; fileRef = 7962583B2933BA2B003AC2AC /* ProgressCircleButton.swift */; };
		7962583E29341122003AC2AC /* ExerciseHeader.swift in Sources */ = {isa = PBXBuildFile; fileRef = 7962583D29341122003AC2AC /* ExerciseHeader.swift */; };
		7967D57E2811887F00B30D03 /* MuscleGroupSelector.swift in Sources */ = {isa = PBXBuildFile; fileRef = 7967D57D2811887F00B30D03 /* MuscleGroupSelector.swift */; };
		796D611927E53AB400E15F01 /* ExerciseEditScreen.swift in Sources */ = {isa = PBXBuildFile; fileRef = 796D611827E53AB400E15F01 /* ExerciseEditScreen.swift */; };
		79702C6A2A7D0F0200F19EF3 /* TemplateGenerationScreen.swift in Sources */ = {isa = PBXBuildFile; fileRef = 79702C692A7D0F0200F19EF3 /* TemplateGenerationScreen.swift */; };
		79702C6C2A7D356100F19EF3 /* ExerciseService.swift in Sources */ = {isa = PBXBuildFile; fileRef = 79702C6B2A7D356100F19EF3 /* ExerciseService.swift */; };
		79746709277136FE006518F0 /* WorkoutDetailScreen.swift in Sources */ = {isa = PBXBuildFile; fileRef = 79746708277136FE006518F0 /* WorkoutDetailScreen.swift */; };
		7975E3AF27CED6DE000BA25B /* WorkoutSetGroup+.swift in Sources */ = {isa = PBXBuildFile; fileRef = 7975E3AE27CED6DE000BA25B /* WorkoutSetGroup+.swift */; };
		7975E3B327CED8E5000BA25B /* Array+.swift in Sources */ = {isa = PBXBuildFile; fileRef = 7975E3B227CED8E5000BA25B /* Array+.swift */; };
		797EF7E629292E32003C2266 /* MuscleGroupsDetailScreen.swift in Sources */ = {isa = PBXBuildFile; fileRef = 797EF7E529292E32003C2266 /* MuscleGroupsDetailScreen.swift */; };
		797EF7E829293222003C2266 /* TitleUnitView.swift in Sources */ = {isa = PBXBuildFile; fileRef = 797EF7E729293222003C2266 /* TitleUnitView.swift */; };
		79881EC62831675000BD06CF /* TemplateDropSet+.swift in Sources */ = {isa = PBXBuildFile; fileRef = 79881EC52831675000BD06CF /* TemplateDropSet+.swift */; };
		7988FBB32A7307D800E4FE54 /* TileStyle.swift in Sources */ = {isa = PBXBuildFile; fileRef = 7988FBB22A7307D800E4FE54 /* TileStyle.swift */; };
		7988FBB52A7309A000E4FE54 /* SectionHeaderStyle.swift in Sources */ = {isa = PBXBuildFile; fileRef = 7988FBB42A7309A000E4FE54 /* SectionHeaderStyle.swift */; };
		7988FBB72A73391600E4FE54 /* ButtonStyle.swift in Sources */ = {isa = PBXBuildFile; fileRef = 7988FBB62A73391600E4FE54 /* ButtonStyle.swift */; };
		79898A7C27F71BE500935E05 /* WorkoutDurationView.swift in Sources */ = {isa = PBXBuildFile; fileRef = 79898A7B27F71BE500935E05 /* WorkoutDurationView.swift */; };
		79898A8027F7B02100935E05 /* TemplateEditorScreen.swift in Sources */ = {isa = PBXBuildFile; fileRef = 79898A7F27F7B02100935E05 /* TemplateEditorScreen.swift */; };
		79898A8627F7BE4A00935E05 /* TemplateSetGroup+.swift in Sources */ = {isa = PBXBuildFile; fileRef = 79898A8527F7BE4A00935E05 /* TemplateSetGroup+.swift */; };
		79898A8827F86DC800935E05 /* Template+.swift in Sources */ = {isa = PBXBuildFile; fileRef = 79898A8727F86DC800935E05 /* Template+.swift */; };
		798BDC132A79A7DC00EAA75D /* Secrets.swift in Sources */ = {isa = PBXBuildFile; fileRef = 798BDC122A79A7DC00EAA75D /* Secrets.swift */; };
		798BDC232A79A9D800EAA75D /* TemplateService.swift in Sources */ = {isa = PBXBuildFile; fileRef = 798BDC222A79A9D800EAA75D /* TemplateService.swift */; };
		798BDC252A79AB4900EAA75D /* CreateTemplateMenu.swift in Sources */ = {isa = PBXBuildFile; fileRef = 798BDC242A79AB4900EAA75D /* CreateTemplateMenu.swift */; };
		798BDC282A7BCD1800EAA75D /* TextProcessing.swift in Sources */ = {isa = PBXBuildFile; fileRef = 798BDC272A7BCD1800EAA75D /* TextProcessing.swift */; };
		798CEE6D280DC7CE00114FEE /* MuscleGroup.swift in Sources */ = {isa = PBXBuildFile; fileRef = 798CEE6C280DC7CE00114FEE /* MuscleGroup.swift */; };
		798FBF812925571900A5F7F0 /* NavigationChevron.swift in Sources */ = {isa = PBXBuildFile; fileRef = 798FBF802925571900A5F7F0 /* NavigationChevron.swift */; };
		799AAF2C2787831900C8BF0C /* ExerciseDetailScreen.swift in Sources */ = {isa = PBXBuildFile; fileRef = 799AAF2B2787831900C8BF0C /* ExerciseDetailScreen.swift */; };
		79A27AF6283D8F61000A8EF7 /* SuperSet+.swift in Sources */ = {isa = PBXBuildFile; fileRef = 79A27AF5283D8F61000A8EF7 /* SuperSet+.swift */; };
		79A27AF8283D8F6A000A8EF7 /* TemplateSuperSet+.swift in Sources */ = {isa = PBXBuildFile; fileRef = 79A27AF7283D8F6A000A8EF7 /* TemplateSuperSet+.swift */; };
		79A4E33027E8CB0C0089001F /* FirstStartScreen.swift in Sources */ = {isa = PBXBuildFile; fileRef = 79A4E32F27E8CB0C0089001F /* FirstStartScreen.swift */; };
		79A4E33627E9ED730089001F /* HomeScreen.swift in Sources */ = {isa = PBXBuildFile; fileRef = 80E9FAEE26FE152100C670D5 /* HomeScreen.swift */; };
		79A637D72A39E2A1002A1F20 /* FlashView.swift in Sources */ = {isa = PBXBuildFile; fileRef = 79A637D62A39E2A1002A1F20 /* FlashView.swift */; };
		79A637D92A3A0157002A1F20 /* WorkoutRecorderScreen+Toolbar.swift in Sources */ = {isa = PBXBuildFile; fileRef = 79A637D82A3A0157002A1F20 /* WorkoutRecorderScreen+Toolbar.swift */; };
		79A934E127C7F16100ED9321 /* WorkoutRecorderScreen.swift in Sources */ = {isa = PBXBuildFile; fileRef = 79A934E027C7F16100ED9321 /* WorkoutRecorderScreen.swift */; };
		79B70BF32803031B0012EAAD /* TemplateStandardSet+.swift in Sources */ = {isa = PBXBuildFile; fileRef = 79B70BF22803031B0012EAAD /* TemplateStandardSet+.swift */; };
		79B7F2A52AA8A1D20090B785 /* DateLineChart.swift in Sources */ = {isa = PBXBuildFile; fileRef = 79B7F2A42AA8A1D20090B785 /* DateLineChart.swift */; };
		79CAF79D27E1426600A1711C /* WeightUnit.swift in Sources */ = {isa = PBXBuildFile; fileRef = 79CAF79C27E1426600A1711C /* WeightUnit.swift */; };
		79CD8BE528240A020052D83C /* CalendarView.swift in Sources */ = {isa = PBXBuildFile; fileRef = 79CD8BE428240A020052D83C /* CalendarView.swift */; };
		79CD8BEA28240B0A0052D83C /* MonthView.swift in Sources */ = {isa = PBXBuildFile; fileRef = 79CD8BE928240B0A0052D83C /* MonthView.swift */; };
		79CD8BEC28240E010052D83C /* Calendar+.swift in Sources */ = {isa = PBXBuildFile; fileRef = 79CD8BEB28240E010052D83C /* Calendar+.swift */; };
		79CD8BEE282540430052D83C /* WorkoutSet+.swift in Sources */ = {isa = PBXBuildFile; fileRef = 79CD8BED282540430052D83C /* WorkoutSet+.swift */; };
		79D570D8277B4C520005E006 /* BarGraph.swift in Sources */ = {isa = PBXBuildFile; fileRef = 79D570D7277B4C520005E006 /* BarGraph.swift */; };
		79DAF0B029940195002F4364 /* Binding+.swift in Sources */ = {isa = PBXBuildFile; fileRef = 79DAF0AF29940195002F4364 /* Binding+.swift */; };
		79DB259E2914229B00ADDF24 /* Database+EntityEdit.swift in Sources */ = {isa = PBXBuildFile; fileRef = 79DB259D2914229B00ADDF24 /* Database+EntityEdit.swift */; };
		79DB25A02914382400ADDF24 /* UIConstants.swift in Sources */ = {isa = PBXBuildFile; fileRef = 79DB259F2914382400ADDF24 /* UIConstants.swift */; };
		79E2E6022912E9F8003845BC /* Database+EntityFetch.swift in Sources */ = {isa = PBXBuildFile; fileRef = 79E2E6012912E9F8003845BC /* Database+EntityFetch.swift */; };
		79E2E60429132C46003845BC /* Database+SetConvert.swift in Sources */ = {isa = PBXBuildFile; fileRef = 79E2E60329132C46003845BC /* Database+SetConvert.swift */; };
		79F2D1222800CD0C00197E0A /* TemplateDetailScreen.swift in Sources */ = {isa = PBXBuildFile; fileRef = 79F2D1212800CD0C00197E0A /* TemplateDetailScreen.swift */; };
		79F7E0FE27E67578006D4354 /* ExerciseListScreen.swift in Sources */ = {isa = PBXBuildFile; fileRef = 79F7E0FD27E67578006D4354 /* ExerciseListScreen.swift */; };
		79F7E10327E68FAC006D4354 /* SegmentedBarChart.swift in Sources */ = {isa = PBXBuildFile; fileRef = 79F7E10227E68FAC006D4354 /* SegmentedBarChart.swift */; };
		79FF2BB02A8A71C200548661 /* ScreenHeaderStyle.swift in Sources */ = {isa = PBXBuildFile; fileRef = 79FF2BAF2A8A71C200548661 /* ScreenHeaderStyle.swift */; };
		79FF97B72AA29E680070015E /* ExerciseServiceTests.swift in Sources */ = {isa = PBXBuildFile; fileRef = 79E849092A7EA28000C0DF95 /* ExerciseServiceTests.swift */; };
		8010137B284791AB00309279 /* PieGraph.swift in Sources */ = {isa = PBXBuildFile; fileRef = 8010137A284791AB00309279 /* PieGraph.swift */; };
		801CDC4C2688BDC800BB653D /* Color+.swift in Sources */ = {isa = PBXBuildFile; fileRef = 801CDC4B2688BDC800BB653D /* Color+.swift */; };
		8033F98E27072B0600EC707A /* SettingsScreen.swift in Sources */ = {isa = PBXBuildFile; fileRef = 8033F98D27072B0600EC707A /* SettingsScreen.swift */; };
		8058F49F268D2503006A94AC /* Workout+.swift in Sources */ = {isa = PBXBuildFile; fileRef = 8058F49E268D2503006A94AC /* Workout+.swift */; };
		8065AA6F2686667F00F53A5A /* LOGITApp.swift in Sources */ = {isa = PBXBuildFile; fileRef = 8065AA6E2686667F00F53A5A /* LOGITApp.swift */; };
		8065AA732686668100F53A5A /* Assets.xcassets in Resources */ = {isa = PBXBuildFile; fileRef = 8065AA722686668100F53A5A /* Assets.xcassets */; };
		8065AA7B2686668100F53A5A /* LOGIT.xcdatamodeld in Sources */ = {isa = PBXBuildFile; fileRef = 8065AA792686668100F53A5A /* LOGIT.xcdatamodeld */; };
		806C4FFA2688B46400A9B01D /* StandardSet+.swift in Sources */ = {isa = PBXBuildFile; fileRef = 806C4FF92688B46400A9B01D /* StandardSet+.swift */; };
		807FC47F268A909D00169820 /* Exercise+.swift in Sources */ = {isa = PBXBuildFile; fileRef = 807FC47E268A909D00169820 /* Exercise+.swift */; };
		8084604B276662A000E0D0D0 /* WorkoutListScreen.swift in Sources */ = {isa = PBXBuildFile; fileRef = 8084604A276662A000E0D0D0 /* WorkoutListScreen.swift */; };
		80D9A7DB28860BB1000BF05E /* WorkoutCell.swift in Sources */ = {isa = PBXBuildFile; fileRef = 80D9A7DA28860BB1000BF05E /* WorkoutCell.swift */; };
		80ED02902764D94200D59B75 /* ExerciseSelectionScreen.swift in Sources */ = {isa = PBXBuildFile; fileRef = 80ED028F2764D94200D59B75 /* ExerciseSelectionScreen.swift */; };
		80F9C34B2704C4F000B6EBF2 /* Date+.swift in Sources */ = {isa = PBXBuildFile; fileRef = 80F9C34A2704C4F000B6EBF2 /* Date+.swift */; };
/* End PBXBuildFile section */

/* Begin PBXContainerItemProxy section */
		79E8490B2A7EA28100C0DF95 /* PBXContainerItemProxy */ = {
			isa = PBXContainerItemProxy;
			containerPortal = 8065AA632686667F00F53A5A /* Project object */;
			proxyType = 1;
			remoteGlobalIDString = 8065AA6A2686667F00F53A5A;
			remoteInfo = LOGIT;
		};
/* End PBXContainerItemProxy section */

/* Begin PBXCopyFilesBuildPhase section */
		792D523927F1160A00B08813 /* Embed Foundation Extensions */ = {
			isa = PBXCopyFilesBuildPhase;
			buildActionMask = 2147483647;
			dstPath = "";
			dstSubfolderSpec = 13;
			files = (
			);
			name = "Embed Foundation Extensions";
			runOnlyForDeploymentPostprocessing = 0;
		};
/* End PBXCopyFilesBuildPhase section */

/* Begin PBXFileReference section */
		22040B8B5D5971A78B9E3A04 /* Pods_LOGIT.framework */ = {isa = PBXFileReference; explicitFileType = wrapper.framework; includeInIndex = 0; path = Pods_LOGIT.framework; sourceTree = BUILT_PRODUCTS_DIR; };
		785C8439CB08BCB0A0AB4DBD /* Pods-LOGIT.release.xcconfig */ = {isa = PBXFileReference; includeInIndex = 1; lastKnownFileType = text.xcconfig; name = "Pods-LOGIT.release.xcconfig"; path = "Target Support Files/Pods-LOGIT/Pods-LOGIT.release.xcconfig"; sourceTree = "<group>"; };
		790130A8291C4B9B00EF8955 /* Launch Screen.storyboard */ = {isa = PBXFileReference; fileEncoding = 4; lastKnownFileType = file.storyboard; path = "Launch Screen.storyboard"; sourceTree = "<group>"; };
		7907B5A4280B73E7003E5515 /* Database+Preview.swift */ = {isa = PBXFileReference; lastKnownFileType = sourcecode.swift; path = "Database+Preview.swift"; sourceTree = "<group>"; };
		7907FDE8289E99A5006AF271 /* LOGIT..entitlements */ = {isa = PBXFileReference; lastKnownFileType = text.plist.entitlements; path = LOGIT..entitlements; sourceTree = "<group>"; };
		7907FDE9289E99B1006AF271 /* CloudKit.framework */ = {isa = PBXFileReference; lastKnownFileType = wrapper.framework; name = CloudKit.framework; path = System/Library/Frameworks/CloudKit.framework; sourceTree = SDKROOT; };
		790E1A33279DB5B300EDB715 /* Database.swift */ = {isa = PBXFileReference; lastKnownFileType = sourcecode.swift; path = Database.swift; sourceTree = "<group>"; };
		790E8F102A48B89900EA1430 /* timer.wav */ = {isa = PBXFileReference; lastKnownFileType = audio.wav; path = timer.wav; sourceTree = "<group>"; };
		7919C5FC2A7410FB00F35493 /* WorkoutSetGroupCell.swift */ = {isa = PBXFileReference; lastKnownFileType = sourcecode.swift; path = WorkoutSetGroupCell.swift; sourceTree = "<group>"; };
		7919C5FF2A742EB900F35493 /* OnDeleteModifier.swift */ = {isa = PBXFileReference; lastKnownFileType = sourcecode.swift; path = OnDeleteModifier.swift; sourceTree = "<group>"; };
		791F556329EC768100902352 /* StandardSetCell.swift */ = {isa = PBXFileReference; lastKnownFileType = sourcecode.swift; path = StandardSetCell.swift; sourceTree = "<group>"; };
		791F556429EC768100902352 /* WorkoutSetCell.swift */ = {isa = PBXFileReference; lastKnownFileType = sourcecode.swift; path = WorkoutSetCell.swift; sourceTree = "<group>"; };
		791F556529EC768100902352 /* DropSetCell.swift */ = {isa = PBXFileReference; lastKnownFileType = sourcecode.swift; path = DropSetCell.swift; sourceTree = "<group>"; };
		791F556629EC768100902352 /* SuperSetCell.swift */ = {isa = PBXFileReference; lastKnownFileType = sourcecode.swift; path = SuperSetCell.swift; sourceTree = "<group>"; };
		792156CF2A9539530010A0FC /* TileHeaderStyle.swift */ = {isa = PBXFileReference; lastKnownFileType = sourcecode.swift; path = TileHeaderStyle.swift; sourceTree = "<group>"; };
		792156D12A955DD40010A0FC /* TipView.swift */ = {isa = PBXFileReference; lastKnownFileType = sourcecode.swift; path = TipView.swift; sourceTree = "<group>"; };
		7927C3E42A82F725006B99D8 /* TargetPerWeekView.swift */ = {isa = PBXFileReference; lastKnownFileType = sourcecode.swift; path = TargetPerWeekView.swift; sourceTree = "<group>"; };
		792D522B27F1160800B08813 /* SwiftUI.framework */ = {isa = PBXFileReference; lastKnownFileType = wrapper.framework; name = SwiftUI.framework; path = System/Library/Frameworks/SwiftUI.framework; sourceTree = SDKROOT; };
		792DAB7227EB97E80062C20D /* LineGraph.swift */ = {isa = PBXFileReference; lastKnownFileType = sourcecode.swift; path = LineGraph.swift; sourceTree = "<group>"; };
		792DAB7427EB9AD30062C20D /* Int+.swift */ = {isa = PBXFileReference; lastKnownFileType = sourcecode.swift; path = "Int+.swift"; sourceTree = "<group>"; };
		792F9740280AC65D0032761C /* Database+EntityCreation.swift */ = {isa = PBXFileReference; lastKnownFileType = sourcecode.swift; path = "Database+EntityCreation.swift"; sourceTree = "<group>"; };
		793CB8A72975BB1B00140D2B /* IntegerField.swift */ = {isa = PBXFileReference; lastKnownFileType = sourcecode.swift; path = IntegerField.swift; sourceTree = "<group>"; };
		79407A8A2772380C004F32A3 /* UnitView.swift */ = {isa = PBXFileReference; lastKnownFileType = sourcecode.swift; path = UnitView.swift; sourceTree = "<group>"; };
		79488DD62A7558B2005C485D /* EnvironmentValues+.swift */ = {isa = PBXFileReference; lastKnownFileType = sourcecode.swift; path = "EnvironmentValues+.swift"; sourceTree = "<group>"; };
		79488DD82A755AEB005C485D /* CanEditModifier.swift */ = {isa = PBXFileReference; lastKnownFileType = sourcecode.swift; path = CanEditModifier.swift; sourceTree = "<group>"; };
		79488DDA2A755C52005C485D /* WorkoutSetGroupList.swift */ = {isa = PBXFileReference; lastKnownFileType = sourcecode.swift; path = WorkoutSetGroupList.swift; sourceTree = "<group>"; };
		79488DDD2A76ED3A005C485D /* TemplateSetGroupCell.swift */ = {isa = PBXFileReference; lastKnownFileType = sourcecode.swift; path = TemplateSetGroupCell.swift; sourceTree = "<group>"; };
		79488DE12A76EE65005C485D /* TemplateSuperSetCell.swift */ = {isa = PBXFileReference; lastKnownFileType = sourcecode.swift; path = TemplateSuperSetCell.swift; sourceTree = "<group>"; };
		79488DE22A76EE65005C485D /* TemplateDropSetCell.swift */ = {isa = PBXFileReference; lastKnownFileType = sourcecode.swift; path = TemplateDropSetCell.swift; sourceTree = "<group>"; };
		79488DE32A76EE65005C485D /* TemplateStandardSetCell.swift */ = {isa = PBXFileReference; lastKnownFileType = sourcecode.swift; path = TemplateStandardSetCell.swift; sourceTree = "<group>"; };
		79488DE42A76EE65005C485D /* TemplateSetCell.swift */ = {isa = PBXFileReference; lastKnownFileType = sourcecode.swift; path = TemplateSetCell.swift; sourceTree = "<group>"; };
		79488DE92A76FB4E005C485D /* MuscleGroupGradientStyle.swift */ = {isa = PBXFileReference; lastKnownFileType = sourcecode.swift; path = MuscleGroupGradientStyle.swift; sourceTree = "<group>"; };
		79488DEB2A770C7D005C485D /* EmptyPlaceholderModifier.swift */ = {isa = PBXFileReference; lastKnownFileType = sourcecode.swift; path = EmptyPlaceholderModifier.swift; sourceTree = "<group>"; };
		79488DED2A770CB9005C485D /* OnSwipeDownModifier.swift */ = {isa = PBXFileReference; lastKnownFileType = sourcecode.swift; path = OnSwipeDownModifier.swift; sourceTree = "<group>"; };
		79488DEF2A770CE4005C485D /* KeyboardToolbarButtonStyle.swift */ = {isa = PBXFileReference; lastKnownFileType = sourcecode.swift; path = KeyboardToolbarButtonStyle.swift; sourceTree = "<group>"; };
		794C3C452804AD1A003CB9F1 /* en */ = {isa = PBXFileReference; lastKnownFileType = text.plist.strings; name = en; path = en.lproj/Localizable.strings; sourceTree = "<group>"; };
		794C3C472804AD2A003CB9F1 /* de */ = {isa = PBXFileReference; lastKnownFileType = text.plist.strings; name = de; path = de.lproj/Localizable.strings; sourceTree = "<group>"; };
		794DAC622A320919006F0168 /* ChronoView.swift */ = {isa = PBXFileReference; lastKnownFileType = sourcecode.swift; path = ChronoView.swift; sourceTree = "<group>"; };
		794E64FB28EE38F3003AACDD /* ExerciseCell.swift */ = {isa = PBXFileReference; lastKnownFileType = sourcecode.swift; path = ExerciseCell.swift; sourceTree = "<group>"; };
		794E64FD28EE3A69003AACDD /* ColorMeter.swift */ = {isa = PBXFileReference; lastKnownFileType = sourcecode.swift; path = ColorMeter.swift; sourceTree = "<group>"; };
		79511D062925A2EE00AF8363 /* TargetPerWeekDetailScreen.swift */ = {isa = PBXFileReference; lastKnownFileType = sourcecode.swift; path = TargetPerWeekDetailScreen.swift; sourceTree = "<group>"; };
		7955EEAD27FDC2F30010693C /* TemplateListScreen.swift */ = {isa = PBXFileReference; lastKnownFileType = sourcecode.swift; path = TemplateListScreen.swift; sourceTree = "<group>"; };
		7955EEB127FDC5680010693C /* TemplateCell.swift */ = {isa = PBXFileReference; lastKnownFileType = sourcecode.swift; path = TemplateCell.swift; sourceTree = "<group>"; };
		7955EEB327FDD8820010693C /* StartWorkoutScreen.swift */ = {isa = PBXFileReference; lastKnownFileType = sourcecode.swift; path = StartWorkoutScreen.swift; sourceTree = "<group>"; };
		795A48802A6899A10008A458 /* Chronograph.swift */ = {isa = PBXFileReference; lastKnownFileType = sourcecode.swift; path = Chronograph.swift; sourceTree = "<group>"; };
		795BFA2F28384C07005E59FE /* TemplateSet+.swift */ = {isa = PBXFileReference; lastKnownFileType = sourcecode.swift; path = "TemplateSet+.swift"; sourceTree = "<group>"; };
		795D6E6227F50E6A00A71807 /* Timer.swift */ = {isa = PBXFileReference; lastKnownFileType = sourcecode.swift; path = Timer.swift; sourceTree = "<group>"; };
		795D9B8A282EC34B00866C06 /* DropSet+.swift */ = {isa = PBXFileReference; lastKnownFileType = sourcecode.swift; path = "DropSet+.swift"; sourceTree = "<group>"; };
		7962583B2933BA2B003AC2AC /* ProgressCircleButton.swift */ = {isa = PBXFileReference; lastKnownFileType = sourcecode.swift; path = ProgressCircleButton.swift; sourceTree = "<group>"; };
		7962583D29341122003AC2AC /* ExerciseHeader.swift */ = {isa = PBXFileReference; lastKnownFileType = sourcecode.swift; path = ExerciseHeader.swift; sourceTree = "<group>"; };
		7967D57D2811887F00B30D03 /* MuscleGroupSelector.swift */ = {isa = PBXFileReference; lastKnownFileType = sourcecode.swift; path = MuscleGroupSelector.swift; sourceTree = "<group>"; };
		796D611827E53AB400E15F01 /* ExerciseEditScreen.swift */ = {isa = PBXFileReference; lastKnownFileType = sourcecode.swift; path = ExerciseEditScreen.swift; sourceTree = "<group>"; };
		79702C692A7D0F0200F19EF3 /* TemplateGenerationScreen.swift */ = {isa = PBXFileReference; lastKnownFileType = sourcecode.swift; path = TemplateGenerationScreen.swift; sourceTree = "<group>"; };
		79702C6B2A7D356100F19EF3 /* ExerciseService.swift */ = {isa = PBXFileReference; lastKnownFileType = sourcecode.swift; path = ExerciseService.swift; sourceTree = "<group>"; };
		79746708277136FE006518F0 /* WorkoutDetailScreen.swift */ = {isa = PBXFileReference; lastKnownFileType = sourcecode.swift; path = WorkoutDetailScreen.swift; sourceTree = "<group>"; };
		7975E3AE27CED6DE000BA25B /* WorkoutSetGroup+.swift */ = {isa = PBXFileReference; lastKnownFileType = sourcecode.swift; path = "WorkoutSetGroup+.swift"; sourceTree = "<group>"; };
		7975E3B227CED8E5000BA25B /* Array+.swift */ = {isa = PBXFileReference; lastKnownFileType = sourcecode.swift; path = "Array+.swift"; sourceTree = "<group>"; };
		797EF7E529292E32003C2266 /* MuscleGroupsDetailScreen.swift */ = {isa = PBXFileReference; lastKnownFileType = sourcecode.swift; path = MuscleGroupsDetailScreen.swift; sourceTree = "<group>"; };
		797EF7E729293222003C2266 /* TitleUnitView.swift */ = {isa = PBXFileReference; lastKnownFileType = sourcecode.swift; path = TitleUnitView.swift; sourceTree = "<group>"; };
		79881EC52831675000BD06CF /* TemplateDropSet+.swift */ = {isa = PBXFileReference; lastKnownFileType = sourcecode.swift; path = "TemplateDropSet+.swift"; sourceTree = "<group>"; };
		7988FBB22A7307D800E4FE54 /* TileStyle.swift */ = {isa = PBXFileReference; lastKnownFileType = sourcecode.swift; path = TileStyle.swift; sourceTree = "<group>"; };
		7988FBB42A7309A000E4FE54 /* SectionHeaderStyle.swift */ = {isa = PBXFileReference; lastKnownFileType = sourcecode.swift; path = SectionHeaderStyle.swift; sourceTree = "<group>"; };
		7988FBB62A73391600E4FE54 /* ButtonStyle.swift */ = {isa = PBXFileReference; lastKnownFileType = sourcecode.swift; path = ButtonStyle.swift; sourceTree = "<group>"; };
		79898A7B27F71BE500935E05 /* WorkoutDurationView.swift */ = {isa = PBXFileReference; lastKnownFileType = sourcecode.swift; path = WorkoutDurationView.swift; sourceTree = "<group>"; };
		79898A7F27F7B02100935E05 /* TemplateEditorScreen.swift */ = {isa = PBXFileReference; lastKnownFileType = sourcecode.swift; path = TemplateEditorScreen.swift; sourceTree = "<group>"; };
		79898A8527F7BE4A00935E05 /* TemplateSetGroup+.swift */ = {isa = PBXFileReference; lastKnownFileType = sourcecode.swift; path = "TemplateSetGroup+.swift"; sourceTree = "<group>"; };
		79898A8727F86DC800935E05 /* Template+.swift */ = {isa = PBXFileReference; lastKnownFileType = sourcecode.swift; path = "Template+.swift"; sourceTree = "<group>"; };
		798BDC122A79A7DC00EAA75D /* Secrets.swift */ = {isa = PBXFileReference; lastKnownFileType = sourcecode.swift; name = Secrets.swift; path = LOGIT./Secrets.swift; sourceTree = SOURCE_ROOT; };
		798BDC222A79A9D800EAA75D /* TemplateService.swift */ = {isa = PBXFileReference; fileEncoding = 4; lastKnownFileType = sourcecode.swift; path = TemplateService.swift; sourceTree = "<group>"; };
		798BDC242A79AB4900EAA75D /* CreateTemplateMenu.swift */ = {isa = PBXFileReference; fileEncoding = 4; lastKnownFileType = sourcecode.swift; path = CreateTemplateMenu.swift; sourceTree = "<group>"; };
		798BDC272A7BCD1800EAA75D /* TextProcessing.swift */ = {isa = PBXFileReference; lastKnownFileType = sourcecode.swift; path = TextProcessing.swift; sourceTree = "<group>"; };
		798CEE6C280DC7CE00114FEE /* MuscleGroup.swift */ = {isa = PBXFileReference; lastKnownFileType = sourcecode.swift; path = MuscleGroup.swift; sourceTree = "<group>"; };
		798FBF802925571900A5F7F0 /* NavigationChevron.swift */ = {isa = PBXFileReference; lastKnownFileType = sourcecode.swift; path = NavigationChevron.swift; sourceTree = "<group>"; };
		799AAF2B2787831900C8BF0C /* ExerciseDetailScreen.swift */ = {isa = PBXFileReference; lastKnownFileType = sourcecode.swift; path = ExerciseDetailScreen.swift; sourceTree = "<group>"; };
		79A27AF5283D8F61000A8EF7 /* SuperSet+.swift */ = {isa = PBXFileReference; lastKnownFileType = sourcecode.swift; path = "SuperSet+.swift"; sourceTree = "<group>"; };
		79A27AF7283D8F6A000A8EF7 /* TemplateSuperSet+.swift */ = {isa = PBXFileReference; lastKnownFileType = sourcecode.swift; path = "TemplateSuperSet+.swift"; sourceTree = "<group>"; };
		79A4E32F27E8CB0C0089001F /* FirstStartScreen.swift */ = {isa = PBXFileReference; lastKnownFileType = sourcecode.swift; path = FirstStartScreen.swift; sourceTree = "<group>"; };
		79A637D62A39E2A1002A1F20 /* FlashView.swift */ = {isa = PBXFileReference; lastKnownFileType = sourcecode.swift; path = FlashView.swift; sourceTree = "<group>"; };
		79A637D82A3A0157002A1F20 /* WorkoutRecorderScreen+Toolbar.swift */ = {isa = PBXFileReference; lastKnownFileType = sourcecode.swift; path = "WorkoutRecorderScreen+Toolbar.swift"; sourceTree = "<group>"; };
		79A934E027C7F16100ED9321 /* WorkoutRecorderScreen.swift */ = {isa = PBXFileReference; lastKnownFileType = sourcecode.swift; path = WorkoutRecorderScreen.swift; sourceTree = "<group>"; };
		79B70BF22803031B0012EAAD /* TemplateStandardSet+.swift */ = {isa = PBXFileReference; lastKnownFileType = sourcecode.swift; path = "TemplateStandardSet+.swift"; sourceTree = "<group>"; };
		79B7F2A42AA8A1D20090B785 /* DateLineChart.swift */ = {isa = PBXFileReference; lastKnownFileType = sourcecode.swift; path = DateLineChart.swift; sourceTree = "<group>"; };
		79CAF79C27E1426600A1711C /* WeightUnit.swift */ = {isa = PBXFileReference; lastKnownFileType = sourcecode.swift; path = WeightUnit.swift; sourceTree = "<group>"; };
		79CD8BE428240A020052D83C /* CalendarView.swift */ = {isa = PBXFileReference; lastKnownFileType = sourcecode.swift; path = CalendarView.swift; sourceTree = "<group>"; };
		79CD8BE928240B0A0052D83C /* MonthView.swift */ = {isa = PBXFileReference; lastKnownFileType = sourcecode.swift; path = MonthView.swift; sourceTree = "<group>"; };
		79CD8BEB28240E010052D83C /* Calendar+.swift */ = {isa = PBXFileReference; lastKnownFileType = sourcecode.swift; path = "Calendar+.swift"; sourceTree = "<group>"; };
		79CD8BED282540430052D83C /* WorkoutSet+.swift */ = {isa = PBXFileReference; lastKnownFileType = sourcecode.swift; path = "WorkoutSet+.swift"; sourceTree = "<group>"; };
		79D570D7277B4C520005E006 /* BarGraph.swift */ = {isa = PBXFileReference; lastKnownFileType = sourcecode.swift; path = BarGraph.swift; sourceTree = "<group>"; };
		79DAF0AF29940195002F4364 /* Binding+.swift */ = {isa = PBXFileReference; lastKnownFileType = sourcecode.swift; path = "Binding+.swift"; sourceTree = "<group>"; };
		79DB259D2914229B00ADDF24 /* Database+EntityEdit.swift */ = {isa = PBXFileReference; lastKnownFileType = sourcecode.swift; path = "Database+EntityEdit.swift"; sourceTree = "<group>"; };
		79DB259F2914382400ADDF24 /* UIConstants.swift */ = {isa = PBXFileReference; lastKnownFileType = sourcecode.swift; path = UIConstants.swift; sourceTree = "<group>"; };
		79E2E6012912E9F8003845BC /* Database+EntityFetch.swift */ = {isa = PBXFileReference; lastKnownFileType = sourcecode.swift; path = "Database+EntityFetch.swift"; sourceTree = "<group>"; };
		79E2E60329132C46003845BC /* Database+SetConvert.swift */ = {isa = PBXFileReference; lastKnownFileType = sourcecode.swift; path = "Database+SetConvert.swift"; sourceTree = "<group>"; };
		79E849072A7EA28000C0DF95 /* LOGITTests.xctest */ = {isa = PBXFileReference; explicitFileType = wrapper.cfbundle; includeInIndex = 0; path = LOGITTests.xctest; sourceTree = BUILT_PRODUCTS_DIR; };
		79E849092A7EA28000C0DF95 /* ExerciseServiceTests.swift */ = {isa = PBXFileReference; lastKnownFileType = sourcecode.swift; path = ExerciseServiceTests.swift; sourceTree = "<group>"; };
		79F2D1212800CD0C00197E0A /* TemplateDetailScreen.swift */ = {isa = PBXFileReference; lastKnownFileType = sourcecode.swift; path = TemplateDetailScreen.swift; sourceTree = "<group>"; };
		79F7E0FD27E67578006D4354 /* ExerciseListScreen.swift */ = {isa = PBXFileReference; lastKnownFileType = sourcecode.swift; path = ExerciseListScreen.swift; sourceTree = "<group>"; };
		79F7E10227E68FAC006D4354 /* SegmentedBarChart.swift */ = {isa = PBXFileReference; lastKnownFileType = sourcecode.swift; path = SegmentedBarChart.swift; sourceTree = "<group>"; };
		79FF2BAF2A8A71C200548661 /* ScreenHeaderStyle.swift */ = {isa = PBXFileReference; lastKnownFileType = sourcecode.swift; path = ScreenHeaderStyle.swift; sourceTree = "<group>"; };
		8010137A284791AB00309279 /* PieGraph.swift */ = {isa = PBXFileReference; lastKnownFileType = sourcecode.swift; path = PieGraph.swift; sourceTree = "<group>"; };
		801CDC4B2688BDC800BB653D /* Color+.swift */ = {isa = PBXFileReference; lastKnownFileType = sourcecode.swift; path = "Color+.swift"; sourceTree = "<group>"; };
		8033F98D27072B0600EC707A /* SettingsScreen.swift */ = {isa = PBXFileReference; lastKnownFileType = sourcecode.swift; path = SettingsScreen.swift; sourceTree = "<group>"; };
		8058F49E268D2503006A94AC /* Workout+.swift */ = {isa = PBXFileReference; lastKnownFileType = sourcecode.swift; path = "Workout+.swift"; sourceTree = "<group>"; };
		8065AA6B2686667F00F53A5A /* LOGIT.app */ = {isa = PBXFileReference; explicitFileType = wrapper.application; includeInIndex = 0; path = LOGIT.app; sourceTree = BUILT_PRODUCTS_DIR; };
		8065AA6E2686667F00F53A5A /* LOGITApp.swift */ = {isa = PBXFileReference; lastKnownFileType = sourcecode.swift; path = LOGITApp.swift; sourceTree = "<group>"; };
		8065AA722686668100F53A5A /* Assets.xcassets */ = {isa = PBXFileReference; lastKnownFileType = folder.assetcatalog; path = Assets.xcassets; sourceTree = "<group>"; };
		8065AA7A2686668100F53A5A /* WorkoutDiary.xcdatamodel */ = {isa = PBXFileReference; lastKnownFileType = wrapper.xcdatamodel; path = WorkoutDiary.xcdatamodel; sourceTree = "<group>"; };
		8065AA7C2686668100F53A5A /* Info.plist */ = {isa = PBXFileReference; lastKnownFileType = text.plist.xml; path = Info.plist; sourceTree = "<group>"; };
		806C4FF92688B46400A9B01D /* StandardSet+.swift */ = {isa = PBXFileReference; lastKnownFileType = sourcecode.swift; path = "StandardSet+.swift"; sourceTree = "<group>"; };
		807FC47E268A909D00169820 /* Exercise+.swift */ = {isa = PBXFileReference; lastKnownFileType = sourcecode.swift; path = "Exercise+.swift"; sourceTree = "<group>"; };
		8084604A276662A000E0D0D0 /* WorkoutListScreen.swift */ = {isa = PBXFileReference; lastKnownFileType = sourcecode.swift; path = WorkoutListScreen.swift; sourceTree = "<group>"; };
		80D9A7DA28860BB1000BF05E /* WorkoutCell.swift */ = {isa = PBXFileReference; lastKnownFileType = sourcecode.swift; path = WorkoutCell.swift; sourceTree = "<group>"; };
		80E9FAEE26FE152100C670D5 /* HomeScreen.swift */ = {isa = PBXFileReference; lastKnownFileType = sourcecode.swift; path = HomeScreen.swift; sourceTree = "<group>"; };
		80ED028F2764D94200D59B75 /* ExerciseSelectionScreen.swift */ = {isa = PBXFileReference; lastKnownFileType = sourcecode.swift; path = ExerciseSelectionScreen.swift; sourceTree = "<group>"; };
		80F9C34A2704C4F000B6EBF2 /* Date+.swift */ = {isa = PBXFileReference; lastKnownFileType = sourcecode.swift; path = "Date+.swift"; sourceTree = "<group>"; };
		C7969A187512FC95EDCA412C /* Pods-LOGIT.debug.xcconfig */ = {isa = PBXFileReference; includeInIndex = 1; lastKnownFileType = text.xcconfig; name = "Pods-LOGIT.debug.xcconfig"; path = "Target Support Files/Pods-LOGIT/Pods-LOGIT.debug.xcconfig"; sourceTree = "<group>"; };
/* End PBXFileReference section */

/* Begin PBXFrameworksBuildPhase section */
		79E849042A7EA28000C0DF95 /* Frameworks */ = {
			isa = PBXFrameworksBuildPhase;
			buildActionMask = 2147483647;
			files = (
			);
			runOnlyForDeploymentPostprocessing = 0;
		};
		8065AA682686667F00F53A5A /* Frameworks */ = {
			isa = PBXFrameworksBuildPhase;
			buildActionMask = 2147483647;
			files = (
				7907FDEA289E99B1006AF271 /* CloudKit.framework in Frameworks */,
				55F89780B925B62D1E06523A /* Pods_LOGIT.framework in Frameworks */,
			);
			runOnlyForDeploymentPostprocessing = 0;
		};
/* End PBXFrameworksBuildPhase section */

/* Begin PBXGroup section */
		52E873A688862B4BE19F439F /* Pods */ = {
			isa = PBXGroup;
			children = (
				C7969A187512FC95EDCA412C /* Pods-LOGIT.debug.xcconfig */,
				785C8439CB08BCB0A0AB4DBD /* Pods-LOGIT.release.xcconfig */,
			);
			path = Pods;
			sourceTree = "<group>";
		};
		790E8F092A48B27E00EA1430 /* Sounds */ = {
			isa = PBXGroup;
			children = (
				790E8F102A48B89900EA1430 /* timer.wav */,
			);
			path = Sounds;
			sourceTree = "<group>";
		};
		7919C5FE2A742EA500F35493 /* Modifiers */ = {
			isa = PBXGroup;
			children = (
				7919C5FF2A742EB900F35493 /* OnDeleteModifier.swift */,
				79488DD82A755AEB005C485D /* CanEditModifier.swift */,
				79488DEB2A770C7D005C485D /* EmptyPlaceholderModifier.swift */,
				79488DED2A770CB9005C485D /* OnSwipeDownModifier.swift */,
			);
			path = Modifiers;
			sourceTree = "<group>";
		};
		791F556229EC768100902352 /* WorkoutSetCells */ = {
			isa = PBXGroup;
			children = (
				791F556429EC768100902352 /* WorkoutSetCell.swift */,
				791F556529EC768100902352 /* DropSetCell.swift */,
				791F556329EC768100902352 /* StandardSetCell.swift */,
				791F556629EC768100902352 /* SuperSetCell.swift */,
			);
			path = WorkoutSetCells;
			sourceTree = "<group>";
		};
		792D522827F1160800B08813 /* Frameworks */ = {
			isa = PBXGroup;
			children = (
				7907FDE9289E99B1006AF271 /* CloudKit.framework */,
				792D522B27F1160800B08813 /* SwiftUI.framework */,
				22040B8B5D5971A78B9E3A04 /* Pods_LOGIT.framework */,
			);
			name = Frameworks;
			sourceTree = "<group>";
		};
		79488DDC2A756AA4005C485D /* Cells */ = {
			isa = PBXGroup;
			children = (
				794E64FB28EE38F3003AACDD /* ExerciseCell.swift */,
				7955EEB127FDC5680010693C /* TemplateCell.swift */,
				79488DE02A76EE41005C485D /* TemplateSetCells */,
				79488DDD2A76ED3A005C485D /* TemplateSetGroupCell.swift */,
				80D9A7DA28860BB1000BF05E /* WorkoutCell.swift */,
				791F556229EC768100902352 /* WorkoutSetCells */,
				7919C5FC2A7410FB00F35493 /* WorkoutSetGroupCell.swift */,
			);
			path = Cells;
			sourceTree = "<group>";
		};
		79488DE02A76EE41005C485D /* TemplateSetCells */ = {
			isa = PBXGroup;
			children = (
				79488DE42A76EE65005C485D /* TemplateSetCell.swift */,
				79488DE22A76EE65005C485D /* TemplateDropSetCell.swift */,
				79488DE32A76EE65005C485D /* TemplateStandardSetCell.swift */,
				79488DE12A76EE65005C485D /* TemplateSuperSetCell.swift */,
			);
			path = TemplateSetCells;
			sourceTree = "<group>";
		};
		79488DF12A770D17005C485D /* Legacy */ = {
			isa = PBXGroup;
			children = (
				79D570D7277B4C520005E006 /* BarGraph.swift */,
				79F7E10227E68FAC006D4354 /* SegmentedBarChart.swift */,
				79CD8BE628240A9B0052D83C /* Calendar */,
				794E64FD28EE3A69003AACDD /* ColorMeter.swift */,
				792DAB7227EB97E80062C20D /* LineGraph.swift */,
			);
			path = Legacy;
			sourceTree = "<group>";
		};
		79488DF22A770DFD005C485D /* Environment */ = {
			isa = PBXGroup;
			children = (
				794C3C462804AD1A003CB9F1 /* Localizable.strings */,
				79488DD62A7558B2005C485D /* EnvironmentValues+.swift */,
				79DB259F2914382400ADDF24 /* UIConstants.swift */,
			);
			path = Environment;
			sourceTree = "<group>";
		};
		79488DF32A770FA2005C485D /* Config */ = {
			isa = PBXGroup;
			children = (
				798BDC122A79A7DC00EAA75D /* Secrets.swift */,
			);
			path = Config;
			sourceTree = "<group>";
		};
		794DAC662A320F9C006F0168 /* Models */ = {
			isa = PBXGroup;
			children = (
				795A48802A6899A10008A458 /* Chronograph.swift */,
				798CEE6C280DC7CE00114FEE /* MuscleGroup.swift */,
				795D6E6227F50E6A00A71807 /* Timer.swift */,
				79CAF79C27E1426600A1711C /* WeightUnit.swift */,
			);
			path = Models;
			sourceTree = "<group>";
		};
		7967D57C2811886700B30D03 /* Graphs */ = {
			isa = PBXGroup;
			children = (
				8010137A284791AB00309279 /* PieGraph.swift */,
			);
			path = Graphs;
			sourceTree = "<group>";
		};
		7988FBB12A7307B500E4FE54 /* Styles */ = {
			isa = PBXGroup;
			children = (
				7988FBB62A73391600E4FE54 /* ButtonStyle.swift */,
				79488DEF2A770CE4005C485D /* KeyboardToolbarButtonStyle.swift */,
				79488DE92A76FB4E005C485D /* MuscleGroupGradientStyle.swift */,
				79FF2BAF2A8A71C200548661 /* ScreenHeaderStyle.swift */,
				7988FBB42A7309A000E4FE54 /* SectionHeaderStyle.swift */,
				792156CF2A9539530010A0FC /* TileHeaderStyle.swift */,
				7988FBB22A7307D800E4FE54 /* TileStyle.swift */,
			);
			path = Styles;
			sourceTree = "<group>";
		};
		79898A7D27F71C0B00935E05 /* SupportingViews */ = {
			isa = PBXGroup;
			children = (
				79898A7B27F71BE500935E05 /* WorkoutDurationView.swift */,
			);
			path = SupportingViews;
			sourceTree = "<group>";
		};
		798BDC262A7BCCE300EAA75D /* Utilities */ = {
			isa = PBXGroup;
			children = (
				79702C6B2A7D356100F19EF3 /* ExerciseService.swift */,
				798BDC222A79A9D800EAA75D /* TemplateService.swift */,
				798BDC272A7BCD1800EAA75D /* TextProcessing.swift */,
			);
			path = Utilities;
			sourceTree = "<group>";
		};
		79A4E33227E9EBA20089001F /* Database */ = {
			isa = PBXGroup;
			children = (
				790E1A33279DB5B300EDB715 /* Database.swift */,
				792F9740280AC65D0032761C /* Database+EntityCreation.swift */,
				79DB259D2914229B00ADDF24 /* Database+EntityEdit.swift */,
				79E2E6012912E9F8003845BC /* Database+EntityFetch.swift */,
				7907B5A4280B73E7003E5515 /* Database+Preview.swift */,
				79E2E60329132C46003845BC /* Database+SetConvert.swift */,
				79B70BF428030BF70012EAAD /* EntityExtensions */,
				8065AA792686668100F53A5A /* LOGIT.xcdatamodeld */,
			);
			path = Database;
			sourceTree = "<group>";
		};
		79A4E33327E9EBED0089001F /* Screens */ = {
			isa = PBXGroup;
			children = (
				799AAF2B2787831900C8BF0C /* ExerciseDetailScreen.swift */,
				796D611827E53AB400E15F01 /* ExerciseEditScreen.swift */,
				79F7E0FD27E67578006D4354 /* ExerciseListScreen.swift */,
				80ED028F2764D94200D59B75 /* ExerciseSelectionScreen.swift */,
				79A4E32F27E8CB0C0089001F /* FirstStartScreen.swift */,
				80E9FAEE26FE152100C670D5 /* HomeScreen.swift */,
				797EF7E529292E32003C2266 /* MuscleGroupsDetailScreen.swift */,
				8033F98D27072B0600EC707A /* SettingsScreen.swift */,
				7955EEB327FDD8820010693C /* StartWorkoutScreen.swift */,
				79511D062925A2EE00AF8363 /* TargetPerWeekDetailScreen.swift */,
				79F2D1212800CD0C00197E0A /* TemplateDetailScreen.swift */,
				79898A7F27F7B02100935E05 /* TemplateEditorScreen.swift */,
				79702C692A7D0F0200F19EF3 /* TemplateGenerationScreen.swift */,
				7955EEAD27FDC2F30010693C /* TemplateListScreen.swift */,
				79746708277136FE006518F0 /* WorkoutDetailScreen.swift */,
				8084604A276662A000E0D0D0 /* WorkoutListScreen.swift */,
				79A934DB27C7F12600ED9321 /* WorkoutRecorderScreen */,
			);
			path = Screens;
			sourceTree = "<group>";
		};
		79A934DB27C7F12600ED9321 /* WorkoutRecorderScreen */ = {
			isa = PBXGroup;
			children = (
				79898A7D27F71C0B00935E05 /* SupportingViews */,
				79A934E027C7F16100ED9321 /* WorkoutRecorderScreen.swift */,
				79A637D82A3A0157002A1F20 /* WorkoutRecorderScreen+Toolbar.swift */,
			);
			path = WorkoutRecorderScreen;
			sourceTree = "<group>";
		};
		79B70BF428030BF70012EAAD /* EntityExtensions */ = {
			isa = PBXGroup;
			children = (
				795D9B8A282EC34B00866C06 /* DropSet+.swift */,
				807FC47E268A909D00169820 /* Exercise+.swift */,
				806C4FF92688B46400A9B01D /* StandardSet+.swift */,
				79A27AF5283D8F61000A8EF7 /* SuperSet+.swift */,
				79881EC52831675000BD06CF /* TemplateDropSet+.swift */,
				795BFA2F28384C07005E59FE /* TemplateSet+.swift */,
				79B70BF22803031B0012EAAD /* TemplateStandardSet+.swift */,
				79A27AF7283D8F6A000A8EF7 /* TemplateSuperSet+.swift */,
				79898A8727F86DC800935E05 /* Template+.swift */,
				79898A8527F7BE4A00935E05 /* TemplateSetGroup+.swift */,
				8058F49E268D2503006A94AC /* Workout+.swift */,
				79CD8BED282540430052D83C /* WorkoutSet+.swift */,
				7975E3AE27CED6DE000BA25B /* WorkoutSetGroup+.swift */,
			);
			path = EntityExtensions;
			sourceTree = "<group>";
		};
		79CD8BE628240A9B0052D83C /* Calendar */ = {
			isa = PBXGroup;
			children = (
				79CD8BEB28240E010052D83C /* Calendar+.swift */,
				79CD8BE428240A020052D83C /* CalendarView.swift */,
				79CD8BE928240B0A0052D83C /* MonthView.swift */,
			);
			path = Calendar;
			sourceTree = "<group>";
		};
		79D570D42779F9AE0005E006 /* Views */ = {
			isa = PBXGroup;
			children = (
				79488DDC2A756AA4005C485D /* Cells */,
				794DAC622A320919006F0168 /* ChronoView.swift */,
				79B7F2A42AA8A1D20090B785 /* DateLineChart.swift */,
				7962583D29341122003AC2AC /* ExerciseHeader.swift */,
				79A637D62A39E2A1002A1F20 /* FlashView.swift */,
				7967D57C2811886700B30D03 /* Graphs */,
				793CB8A72975BB1B00140D2B /* IntegerField.swift */,
				7967D57D2811887F00B30D03 /* MuscleGroupSelector.swift */,
				798FBF802925571900A5F7F0 /* NavigationChevron.swift */,
				7962583B2933BA2B003AC2AC /* ProgressCircleButton.swift */,
				798BDC242A79AB4900EAA75D /* CreateTemplateMenu.swift */,
				797EF7E729293222003C2266 /* TitleUnitView.swift */,
				79407A8A2772380C004F32A3 /* UnitView.swift */,
				79488DDA2A755C52005C485D /* WorkoutSetGroupList.swift */,
				7927C3E42A82F725006B99D8 /* TargetPerWeekView.swift */,
				792156D12A955DD40010A0FC /* TipView.swift */,
			);
			path = Views;
			sourceTree = "<group>";
		};
		79E849082A7EA28000C0DF95 /* LOGITTests */ = {
			isa = PBXGroup;
			children = (
				79E849092A7EA28000C0DF95 /* ExerciseServiceTests.swift */,
			);
			path = LOGITTests;
			sourceTree = "<group>";
		};
		801CDC482688BD9D00BB653D /* Extentions */ = {
			isa = PBXGroup;
			children = (
				7975E3B227CED8E5000BA25B /* Array+.swift */,
				801CDC4B2688BDC800BB653D /* Color+.swift */,
				80F9C34A2704C4F000B6EBF2 /* Date+.swift */,
				792DAB7427EB9AD30062C20D /* Int+.swift */,
				79DAF0AF29940195002F4364 /* Binding+.swift */,
			);
			path = Extentions;
			sourceTree = "<group>";
		};
		8065AA622686667F00F53A5A = {
			isa = PBXGroup;
			children = (
				8065AA6D2686667F00F53A5A /* LOGIT. */,
				79E849082A7EA28000C0DF95 /* LOGITTests */,
				792D522827F1160800B08813 /* Frameworks */,
				8065AA6C2686667F00F53A5A /* Products */,
				52E873A688862B4BE19F439F /* Pods */,
			);
			sourceTree = "<group>";
		};
		8065AA6C2686667F00F53A5A /* Products */ = {
			isa = PBXGroup;
			children = (
				8065AA6B2686667F00F53A5A /* LOGIT.app */,
				79E849072A7EA28000C0DF95 /* LOGITTests.xctest */,
			);
			name = Products;
			sourceTree = "<group>";
		};
		8065AA6D2686667F00F53A5A /* LOGIT. */ = {
			isa = PBXGroup;
			children = (
				790130A8291C4B9B00EF8955 /* Launch Screen.storyboard */,
				8065AA6E2686667F00F53A5A /* LOGITApp.swift */,
				7907FDE8289E99A5006AF271 /* LOGIT..entitlements */,
				8065AA722686668100F53A5A /* Assets.xcassets */,
				8065AA7C2686668100F53A5A /* Info.plist */,
				79488DF32A770FA2005C485D /* Config */,
				79A4E33227E9EBA20089001F /* Database */,
				79488DF22A770DFD005C485D /* Environment */,
				801CDC482688BD9D00BB653D /* Extentions */,
				79488DF12A770D17005C485D /* Legacy */,
				794DAC662A320F9C006F0168 /* Models */,
				7919C5FE2A742EA500F35493 /* Modifiers */,
				79A4E33327E9EBED0089001F /* Screens */,
				790E8F092A48B27E00EA1430 /* Sounds */,
				7988FBB12A7307B500E4FE54 /* Styles */,
				798BDC262A7BCCE300EAA75D /* Utilities */,
				79D570D42779F9AE0005E006 /* Views */,
			);
			path = LOGIT.;
			sourceTree = "<group>";
		};
/* End PBXGroup section */

/* Begin PBXNativeTarget section */
		79E849062A7EA28000C0DF95 /* LOGITTests */ = {
			isa = PBXNativeTarget;
			buildConfigurationList = 79E8490F2A7EA28100C0DF95 /* Build configuration list for PBXNativeTarget "LOGITTests" */;
			buildPhases = (
				79E849032A7EA28000C0DF95 /* Sources */,
				79E849042A7EA28000C0DF95 /* Frameworks */,
				79E849052A7EA28000C0DF95 /* Resources */,
			);
			buildRules = (
			);
			dependencies = (
				79E8490C2A7EA28100C0DF95 /* PBXTargetDependency */,
			);
			name = LOGITTests;
			productName = LOGITTests;
			productReference = 79E849072A7EA28000C0DF95 /* LOGITTests.xctest */;
			productType = "com.apple.product-type.bundle.unit-test";
		};
		8065AA6A2686667F00F53A5A /* LOGIT */ = {
			isa = PBXNativeTarget;
			buildConfigurationList = 8065AA7F2686668100F53A5A /* Build configuration list for PBXNativeTarget "LOGIT" */;
			buildPhases = (
				48FBC04DC0C27F9D8BA1907E /* [CP] Check Pods Manifest.lock */,
				8065AA672686667F00F53A5A /* Sources */,
				8065AA682686667F00F53A5A /* Frameworks */,
				8065AA692686667F00F53A5A /* Resources */,
				792D523927F1160A00B08813 /* Embed Foundation Extensions */,
				790091622A772B2000FAE34E /* Swift-Format Script */,
				A1776E91983DE385FD1B11E9 /* [CP] Embed Pods Frameworks */,
			);
			buildRules = (
			);
			dependencies = (
			);
			name = LOGIT;
			productName = WorkoutDiary;
			productReference = 8065AA6B2686667F00F53A5A /* LOGIT.app */;
			productType = "com.apple.product-type.application";
		};
/* End PBXNativeTarget section */

/* Begin PBXProject section */
		8065AA632686667F00F53A5A /* Project object */ = {
			isa = PBXProject;
			attributes = {
				BuildIndependentTargetsInParallel = YES;
				LastSwiftUpdateCheck = 1430;
				LastUpgradeCheck = 1430;
				TargetAttributes = {
					79E849062A7EA28000C0DF95 = {
						CreatedOnToolsVersion = 14.3.1;
						TestTargetID = 8065AA6A2686667F00F53A5A;
					};
					8065AA6A2686667F00F53A5A = {
						CreatedOnToolsVersion = 12.5;
					};
				};
			};
			buildConfigurationList = 8065AA662686667F00F53A5A /* Build configuration list for PBXProject "LOGIT" */;
			compatibilityVersion = "Xcode 9.3";
			developmentRegion = en;
			hasScannedForEncodings = 0;
			knownRegions = (
				en,
				Base,
				de,
			);
			mainGroup = 8065AA622686667F00F53A5A;
			productRefGroup = 8065AA6C2686667F00F53A5A /* Products */;
			projectDirPath = "";
			projectRoot = "";
			targets = (
				8065AA6A2686667F00F53A5A /* LOGIT */,
				79E849062A7EA28000C0DF95 /* LOGITTests */,
			);
		};
/* End PBXProject section */

/* Begin PBXResourcesBuildPhase section */
		79E849052A7EA28000C0DF95 /* Resources */ = {
			isa = PBXResourcesBuildPhase;
			buildActionMask = 2147483647;
			files = (
			);
			runOnlyForDeploymentPostprocessing = 0;
		};
		8065AA692686667F00F53A5A /* Resources */ = {
			isa = PBXResourcesBuildPhase;
			buildActionMask = 2147483647;
			files = (
				790130A9291C4B9B00EF8955 /* Launch Screen.storyboard in Resources */,
				794C3C442804AD1A003CB9F1 /* Localizable.strings in Resources */,
				790E8F112A48B89900EA1430 /* timer.wav in Resources */,
				8065AA732686668100F53A5A /* Assets.xcassets in Resources */,
			);
			runOnlyForDeploymentPostprocessing = 0;
		};
/* End PBXResourcesBuildPhase section */

/* Begin PBXShellScriptBuildPhase section */
		48FBC04DC0C27F9D8BA1907E /* [CP] Check Pods Manifest.lock */ = {
			isa = PBXShellScriptBuildPhase;
			buildActionMask = 2147483647;
			files = (
			);
			inputFileListPaths = (
			);
			inputPaths = (
				"${PODS_PODFILE_DIR_PATH}/Podfile.lock",
				"${PODS_ROOT}/Manifest.lock",
			);
			name = "[CP] Check Pods Manifest.lock";
			outputFileListPaths = (
			);
			outputPaths = (
				"$(DERIVED_FILE_DIR)/Pods-LOGIT-checkManifestLockResult.txt",
			);
			runOnlyForDeploymentPostprocessing = 0;
			shellPath = /bin/sh;
			shellScript = "diff \"${PODS_PODFILE_DIR_PATH}/Podfile.lock\" \"${PODS_ROOT}/Manifest.lock\" > /dev/null\nif [ $? != 0 ] ; then\n    # print error to STDERR\n    echo \"error: The sandbox is not in sync with the Podfile.lock. Run 'pod install' or update your CocoaPods installation.\" >&2\n    exit 1\nfi\n# This output is used by Xcode 'outputs' to avoid re-running this script phase.\necho \"SUCCESS\" > \"${SCRIPT_OUTPUT_FILE_0}\"\n";
			showEnvVarsInLog = 0;
		};
		790091622A772B2000FAE34E /* Swift-Format Script */ = {
			isa = PBXShellScriptBuildPhase;
			buildActionMask = 2147483647;
			files = (
			);
			inputFileListPaths = (
			);
			inputPaths = (
			);
			name = "Swift-Format Script";
			outputFileListPaths = (
			);
			outputPaths = (
			);
			runOnlyForDeploymentPostprocessing = 0;
			shellPath = /bin/sh;
			shellScript = "# Type a script or drag a script file from your workspace to insert its path.\n#export PATH=\"/Users/lukaskaibel/Library/Mobile Documents/com~apple~CloudDocs/Developement/Swift/swift-format/.build/debug:$PATH\"\n#if which swift-format >/dev/null; then\n#    swift-format format --configuration \"/Users/lukaskaibel/Library/Mobile Documents/com~apple~CloudDocs/Developement/Swift/swift-format/myConfiguration.json\" -i -r \"${PROJECT_DIR}\"\n#else\n#    echo \"warning: swift-format not installed\"\n#fi\n";
		};
		A1776E91983DE385FD1B11E9 /* [CP] Embed Pods Frameworks */ = {
			isa = PBXShellScriptBuildPhase;
			buildActionMask = 2147483647;
			files = (
			);
			inputFileListPaths = (
				"${PODS_ROOT}/Target Support Files/Pods-LOGIT/Pods-LOGIT-frameworks-${CONFIGURATION}-input-files.xcfilelist",
			);
			name = "[CP] Embed Pods Frameworks";
			outputFileListPaths = (
				"${PODS_ROOT}/Target Support Files/Pods-LOGIT/Pods-LOGIT-frameworks-${CONFIGURATION}-output-files.xcfilelist",
			);
			runOnlyForDeploymentPostprocessing = 0;
			shellPath = /bin/sh;
			shellScript = "\"${PODS_ROOT}/Target Support Files/Pods-LOGIT/Pods-LOGIT-frameworks.sh\"\n";
			showEnvVarsInLog = 0;
		};
/* End PBXShellScriptBuildPhase section */

/* Begin PBXSourcesBuildPhase section */
		79E849032A7EA28000C0DF95 /* Sources */ = {
			isa = PBXSourcesBuildPhase;
			buildActionMask = 2147483647;
			files = (
				79FF97B72AA29E680070015E /* ExerciseServiceTests.swift in Sources */,
			);
			runOnlyForDeploymentPostprocessing = 0;
		};
		8065AA672686667F00F53A5A /* Sources */ = {
			isa = PBXSourcesBuildPhase;
			buildActionMask = 2147483647;
			files = (
				79A4E33627E9ED730089001F /* HomeScreen.swift in Sources */,
				7975E3B327CED8E5000BA25B /* Array+.swift in Sources */,
				792156D22A955DD40010A0FC /* TipView.swift in Sources */,
				79488DE82A76F014005C485D /* TemplateSuperSetCell.swift in Sources */,
				798BDC252A79AB4900EAA75D /* CreateTemplateMenu.swift in Sources */,
				792DAB7527EB9AD30062C20D /* Int+.swift in Sources */,
				791F556829EC768100902352 /* WorkoutSetCell.swift in Sources */,
				793CB8A82975BB1B00140D2B /* IntegerField.swift in Sources */,
				792F9741280AC65D0032761C /* Database+EntityCreation.swift in Sources */,
				8010137B284791AB00309279 /* PieGraph.swift in Sources */,
				794E64FE28EE3A69003AACDD /* ColorMeter.swift in Sources */,
				799AAF2C2787831900C8BF0C /* ExerciseDetailScreen.swift in Sources */,
				79F2D1222800CD0C00197E0A /* TemplateDetailScreen.swift in Sources */,
				79407A8B2772380C004F32A3 /* UnitView.swift in Sources */,
				7955EEB427FDD8820010693C /* StartWorkoutScreen.swift in Sources */,
				79488DE72A76F012005C485D /* TemplateStandardSetCell.swift in Sources */,
				79A27AF8283D8F6A000A8EF7 /* TemplateSuperSet+.swift in Sources */,
				79CD8BEC28240E010052D83C /* Calendar+.swift in Sources */,
				7962583E29341122003AC2AC /* ExerciseHeader.swift in Sources */,
				79746709277136FE006518F0 /* WorkoutDetailScreen.swift in Sources */,
				79488DE62A76F00F005C485D /* TemplateDropSetCell.swift in Sources */,
				791F556729EC768100902352 /* StandardSetCell.swift in Sources */,
				794E64FC28EE38F3003AACDD /* ExerciseCell.swift in Sources */,
				794DAC632A320919006F0168 /* ChronoView.swift in Sources */,
				79E2E6022912E9F8003845BC /* Database+EntityFetch.swift in Sources */,
				80ED02902764D94200D59B75 /* ExerciseSelectionScreen.swift in Sources */,
				792156D02A9539530010A0FC /* TileHeaderStyle.swift in Sources */,
				79E2E60429132C46003845BC /* Database+SetConvert.swift in Sources */,
				7988FBB52A7309A000E4FE54 /* SectionHeaderStyle.swift in Sources */,
				79D570D8277B4C520005E006 /* BarGraph.swift in Sources */,
				79F7E0FE27E67578006D4354 /* ExerciseListScreen.swift in Sources */,
				79488DDE2A76ED3A005C485D /* TemplateSetGroupCell.swift in Sources */,
				795D9B8B282EC34B00866C06 /* DropSet+.swift in Sources */,
				796D611927E53AB400E15F01 /* ExerciseEditScreen.swift in Sources */,
				801CDC4C2688BDC800BB653D /* Color+.swift in Sources */,
				798CEE6D280DC7CE00114FEE /* MuscleGroup.swift in Sources */,
				7919C5FD2A7410FB00F35493 /* WorkoutSetGroupCell.swift in Sources */,
				797EF7E829293222003C2266 /* TitleUnitView.swift in Sources */,
				7988FBB72A73391600E4FE54 /* ButtonStyle.swift in Sources */,
				7967D57E2811887F00B30D03 /* MuscleGroupSelector.swift in Sources */,
				798BDC132A79A7DC00EAA75D /* Secrets.swift in Sources */,
				8084604B276662A000E0D0D0 /* WorkoutListScreen.swift in Sources */,
				7975E3AF27CED6DE000BA25B /* WorkoutSetGroup+.swift in Sources */,
				79488DEE2A770CB9005C485D /* OnSwipeDownModifier.swift in Sources */,
				8065AA7B2686668100F53A5A /* LOGIT.xcdatamodeld in Sources */,
				7919C6002A742EB900F35493 /* OnDeleteModifier.swift in Sources */,
				80F9C34B2704C4F000B6EBF2 /* Date+.swift in Sources */,
				79F7E10327E68FAC006D4354 /* SegmentedBarChart.swift in Sources */,
				79A637D72A39E2A1002A1F20 /* FlashView.swift in Sources */,
				79702C6A2A7D0F0200F19EF3 /* TemplateGenerationScreen.swift in Sources */,
				7962583C2933BA2B003AC2AC /* ProgressCircleButton.swift in Sources */,
				798FBF812925571900A5F7F0 /* NavigationChevron.swift in Sources */,
				79CD8BEA28240B0A0052D83C /* MonthView.swift in Sources */,
				7907B5A5280B73E7003E5515 /* Database+Preview.swift in Sources */,
				8058F49F268D2503006A94AC /* Workout+.swift in Sources */,
				7955EEAE27FDC2F30010693C /* TemplateListScreen.swift in Sources */,
				792DAB7327EB97E80062C20D /* LineGraph.swift in Sources */,
				795D6E6327F50E6A00A71807 /* Timer.swift in Sources */,
				79702C6C2A7D356100F19EF3 /* ExerciseService.swift in Sources */,
				79898A7C27F71BE500935E05 /* WorkoutDurationView.swift in Sources */,
				8033F98E27072B0600EC707A /* SettingsScreen.swift in Sources */,
				7988FBB32A7307D800E4FE54 /* TileStyle.swift in Sources */,
				807FC47F268A909D00169820 /* Exercise+.swift in Sources */,
				79488DDB2A755C52005C485D /* WorkoutSetGroupList.swift in Sources */,
				79A637D92A3A0157002A1F20 /* WorkoutRecorderScreen+Toolbar.swift in Sources */,
				79488DEA2A76FB4E005C485D /* MuscleGroupGradientStyle.swift in Sources */,
				79488DD72A7558B2005C485D /* EnvironmentValues+.swift in Sources */,
				79898A8627F7BE4A00935E05 /* TemplateSetGroup+.swift in Sources */,
				79DB25A02914382400ADDF24 /* UIConstants.swift in Sources */,
				79881EC62831675000BD06CF /* TemplateDropSet+.swift in Sources */,
				79A4E33027E8CB0C0089001F /* FirstStartScreen.swift in Sources */,
				790E1A34279DB5B300EDB715 /* Database.swift in Sources */,
				79511D072925A2EE00AF8363 /* TargetPerWeekDetailScreen.swift in Sources */,
				7955EEB227FDC5680010693C /* TemplateCell.swift in Sources */,
				79FF2BB02A8A71C200548661 /* ScreenHeaderStyle.swift in Sources */,
				791F556A29EC768100902352 /* SuperSetCell.swift in Sources */,
				79A27AF6283D8F61000A8EF7 /* SuperSet+.swift in Sources */,
				795BFA3028384C07005E59FE /* TemplateSet+.swift in Sources */,
				79A934E127C7F16100ED9321 /* WorkoutRecorderScreen.swift in Sources */,
				79488DF02A770CE4005C485D /* KeyboardToolbarButtonStyle.swift in Sources */,
				798BDC282A7BCD1800EAA75D /* TextProcessing.swift in Sources */,
				79CAF79D27E1426600A1711C /* WeightUnit.swift in Sources */,
				79488DEC2A770C7D005C485D /* EmptyPlaceholderModifier.swift in Sources */,
				79B7F2A52AA8A1D20090B785 /* DateLineChart.swift in Sources */,
				7927C3E52A82F725006B99D8 /* TargetPerWeekView.swift in Sources */,
				797EF7E629292E32003C2266 /* MuscleGroupsDetailScreen.swift in Sources */,
				806C4FFA2688B46400A9B01D /* StandardSet+.swift in Sources */,
				798BDC232A79A9D800EAA75D /* TemplateService.swift in Sources */,
				80D9A7DB28860BB1000BF05E /* WorkoutCell.swift in Sources */,
				79DB259E2914229B00ADDF24 /* Database+EntityEdit.swift in Sources */,
				795A48812A6899A10008A458 /* Chronograph.swift in Sources */,
				8065AA6F2686667F00F53A5A /* LOGITApp.swift in Sources */,
				79DAF0B029940195002F4364 /* Binding+.swift in Sources */,
				79898A8027F7B02100935E05 /* TemplateEditorScreen.swift in Sources */,
				79B70BF32803031B0012EAAD /* TemplateStandardSet+.swift in Sources */,
				791F556929EC768100902352 /* DropSetCell.swift in Sources */,
				79488DD92A755AEB005C485D /* CanEditModifier.swift in Sources */,
				79488DE52A76F00C005C485D /* TemplateSetCell.swift in Sources */,
				79CD8BE528240A020052D83C /* CalendarView.swift in Sources */,
				79CD8BEE282540430052D83C /* WorkoutSet+.swift in Sources */,
				79898A8827F86DC800935E05 /* Template+.swift in Sources */,
			);
			runOnlyForDeploymentPostprocessing = 0;
		};
/* End PBXSourcesBuildPhase section */

/* Begin PBXTargetDependency section */
		79E8490C2A7EA28100C0DF95 /* PBXTargetDependency */ = {
			isa = PBXTargetDependency;
			target = 8065AA6A2686667F00F53A5A /* LOGIT */;
			targetProxy = 79E8490B2A7EA28100C0DF95 /* PBXContainerItemProxy */;
		};
/* End PBXTargetDependency section */

/* Begin PBXVariantGroup section */
		794C3C462804AD1A003CB9F1 /* Localizable.strings */ = {
			isa = PBXVariantGroup;
			children = (
				794C3C452804AD1A003CB9F1 /* en */,
				794C3C472804AD2A003CB9F1 /* de */,
			);
			name = Localizable.strings;
			sourceTree = "<group>";
		};
/* End PBXVariantGroup section */

/* Begin XCBuildConfiguration section */
		79E8490D2A7EA28100C0DF95 /* Debug */ = {
			isa = XCBuildConfiguration;
			buildSettings = {
				BUNDLE_LOADER = "$(TEST_HOST)";
				CLANG_CXX_LANGUAGE_STANDARD = "gnu++20";
				CODE_SIGN_STYLE = Automatic;
				CURRENT_PROJECT_VERSION = 1;
				DEVELOPMENT_TEAM = S2F6F7JZ8C;
				GENERATE_INFOPLIST_FILE = YES;
				IPHONEOS_DEPLOYMENT_TARGET = 16.4;
				MARKETING_VERSION = 1.0;
				PRODUCT_BUNDLE_IDENTIFIER = com.kaibel.LOGITTests;
				PRODUCT_NAME = "$(TARGET_NAME)";
				SWIFT_EMIT_LOC_STRINGS = NO;
				SWIFT_VERSION = 5.0;
				TARGETED_DEVICE_FAMILY = "1,2";
				TEST_HOST = "$(BUILT_PRODUCTS_DIR)/LOGIT.app/$(BUNDLE_EXECUTABLE_FOLDER_PATH)/LOGIT";
			};
			name = Debug;
		};
		79E8490E2A7EA28100C0DF95 /* Release */ = {
			isa = XCBuildConfiguration;
			buildSettings = {
				BUNDLE_LOADER = "$(TEST_HOST)";
				CLANG_CXX_LANGUAGE_STANDARD = "gnu++20";
				CODE_SIGN_STYLE = Automatic;
				CURRENT_PROJECT_VERSION = 1;
				DEVELOPMENT_TEAM = S2F6F7JZ8C;
				GENERATE_INFOPLIST_FILE = YES;
				IPHONEOS_DEPLOYMENT_TARGET = 16.4;
				MARKETING_VERSION = 1.0;
				PRODUCT_BUNDLE_IDENTIFIER = com.kaibel.LOGITTests;
				PRODUCT_NAME = "$(TARGET_NAME)";
				SWIFT_EMIT_LOC_STRINGS = NO;
				SWIFT_VERSION = 5.0;
				TARGETED_DEVICE_FAMILY = "1,2";
				TEST_HOST = "$(BUILT_PRODUCTS_DIR)/LOGIT.app/$(BUNDLE_EXECUTABLE_FOLDER_PATH)/LOGIT";
			};
			name = Release;
		};
		8065AA7D2686668100F53A5A /* Debug */ = {
			isa = XCBuildConfiguration;
			buildSettings = {
				ALWAYS_SEARCH_USER_PATHS = NO;
				CLANG_ANALYZER_LOCALIZABILITY_NONLOCALIZED = YES;
				CLANG_ANALYZER_NONNULL = YES;
				CLANG_ANALYZER_NUMBER_OBJECT_CONVERSION = YES_AGGRESSIVE;
				CLANG_CXX_LANGUAGE_STANDARD = "gnu++14";
				CLANG_CXX_LIBRARY = "libc++";
				CLANG_ENABLE_MODULES = YES;
				CLANG_ENABLE_OBJC_ARC = YES;
				CLANG_ENABLE_OBJC_WEAK = YES;
				CLANG_WARN_BLOCK_CAPTURE_AUTORELEASING = YES;
				CLANG_WARN_BOOL_CONVERSION = YES;
				CLANG_WARN_COMMA = YES;
				CLANG_WARN_CONSTANT_CONVERSION = YES;
				CLANG_WARN_DEPRECATED_OBJC_IMPLEMENTATIONS = YES;
				CLANG_WARN_DIRECT_OBJC_ISA_USAGE = YES_ERROR;
				CLANG_WARN_DOCUMENTATION_COMMENTS = YES;
				CLANG_WARN_EMPTY_BODY = YES;
				CLANG_WARN_ENUM_CONVERSION = YES;
				CLANG_WARN_INFINITE_RECURSION = YES;
				CLANG_WARN_INT_CONVERSION = YES;
				CLANG_WARN_NON_LITERAL_NULL_CONVERSION = YES;
				CLANG_WARN_OBJC_IMPLICIT_RETAIN_SELF = YES;
				CLANG_WARN_OBJC_LITERAL_CONVERSION = YES;
				CLANG_WARN_OBJC_ROOT_CLASS = YES_ERROR;
				CLANG_WARN_QUOTED_INCLUDE_IN_FRAMEWORK_HEADER = YES;
				CLANG_WARN_RANGE_LOOP_ANALYSIS = YES;
				CLANG_WARN_STRICT_PROTOTYPES = YES;
				CLANG_WARN_SUSPICIOUS_MOVE = YES;
				CLANG_WARN_UNGUARDED_AVAILABILITY = YES_AGGRESSIVE;
				CLANG_WARN_UNREACHABLE_CODE = YES;
				CLANG_WARN__DUPLICATE_METHOD_MATCH = YES;
				COPY_PHASE_STRIP = NO;
				DEBUG_INFORMATION_FORMAT = dwarf;
				ENABLE_STRICT_OBJC_MSGSEND = YES;
				ENABLE_TESTABILITY = YES;
				GCC_C_LANGUAGE_STANDARD = gnu11;
				GCC_DYNAMIC_NO_PIC = NO;
				GCC_NO_COMMON_BLOCKS = YES;
				GCC_OPTIMIZATION_LEVEL = 0;
				GCC_PREPROCESSOR_DEFINITIONS = (
					"DEBUG=1",
					"$(inherited)",
				);
				GCC_WARN_64_TO_32_BIT_CONVERSION = YES;
				GCC_WARN_ABOUT_RETURN_TYPE = YES_ERROR;
				GCC_WARN_UNDECLARED_SELECTOR = YES;
				GCC_WARN_UNINITIALIZED_AUTOS = YES_AGGRESSIVE;
				GCC_WARN_UNUSED_FUNCTION = YES;
				GCC_WARN_UNUSED_VARIABLE = YES;
				IPHONEOS_DEPLOYMENT_TARGET = 15.0;
				MTL_ENABLE_DEBUG_INFO = INCLUDE_SOURCE;
				MTL_FAST_MATH = YES;
				ONLY_ACTIVE_ARCH = YES;
				SDKROOT = iphoneos;
				SWIFT_ACTIVE_COMPILATION_CONDITIONS = DEBUG;
				SWIFT_OPTIMIZATION_LEVEL = "-Onone";
			};
			name = Debug;
		};
		8065AA7E2686668100F53A5A /* Release */ = {
			isa = XCBuildConfiguration;
			buildSettings = {
				ALWAYS_SEARCH_USER_PATHS = NO;
				CLANG_ANALYZER_LOCALIZABILITY_NONLOCALIZED = YES;
				CLANG_ANALYZER_NONNULL = YES;
				CLANG_ANALYZER_NUMBER_OBJECT_CONVERSION = YES_AGGRESSIVE;
				CLANG_CXX_LANGUAGE_STANDARD = "gnu++14";
				CLANG_CXX_LIBRARY = "libc++";
				CLANG_ENABLE_MODULES = YES;
				CLANG_ENABLE_OBJC_ARC = YES;
				CLANG_ENABLE_OBJC_WEAK = YES;
				CLANG_WARN_BLOCK_CAPTURE_AUTORELEASING = YES;
				CLANG_WARN_BOOL_CONVERSION = YES;
				CLANG_WARN_COMMA = YES;
				CLANG_WARN_CONSTANT_CONVERSION = YES;
				CLANG_WARN_DEPRECATED_OBJC_IMPLEMENTATIONS = YES;
				CLANG_WARN_DIRECT_OBJC_ISA_USAGE = YES_ERROR;
				CLANG_WARN_DOCUMENTATION_COMMENTS = YES;
				CLANG_WARN_EMPTY_BODY = YES;
				CLANG_WARN_ENUM_CONVERSION = YES;
				CLANG_WARN_INFINITE_RECURSION = YES;
				CLANG_WARN_INT_CONVERSION = YES;
				CLANG_WARN_NON_LITERAL_NULL_CONVERSION = YES;
				CLANG_WARN_OBJC_IMPLICIT_RETAIN_SELF = YES;
				CLANG_WARN_OBJC_LITERAL_CONVERSION = YES;
				CLANG_WARN_OBJC_ROOT_CLASS = YES_ERROR;
				CLANG_WARN_QUOTED_INCLUDE_IN_FRAMEWORK_HEADER = YES;
				CLANG_WARN_RANGE_LOOP_ANALYSIS = YES;
				CLANG_WARN_STRICT_PROTOTYPES = YES;
				CLANG_WARN_SUSPICIOUS_MOVE = YES;
				CLANG_WARN_UNGUARDED_AVAILABILITY = YES_AGGRESSIVE;
				CLANG_WARN_UNREACHABLE_CODE = YES;
				CLANG_WARN__DUPLICATE_METHOD_MATCH = YES;
				COPY_PHASE_STRIP = NO;
				DEBUG_INFORMATION_FORMAT = "dwarf-with-dsym";
				ENABLE_NS_ASSERTIONS = NO;
				ENABLE_STRICT_OBJC_MSGSEND = YES;
				GCC_C_LANGUAGE_STANDARD = gnu11;
				GCC_NO_COMMON_BLOCKS = YES;
				GCC_WARN_64_TO_32_BIT_CONVERSION = YES;
				GCC_WARN_ABOUT_RETURN_TYPE = YES_ERROR;
				GCC_WARN_UNDECLARED_SELECTOR = YES;
				GCC_WARN_UNINITIALIZED_AUTOS = YES_AGGRESSIVE;
				GCC_WARN_UNUSED_FUNCTION = YES;
				GCC_WARN_UNUSED_VARIABLE = YES;
				IPHONEOS_DEPLOYMENT_TARGET = 15.0;
				MTL_ENABLE_DEBUG_INFO = NO;
				MTL_FAST_MATH = YES;
				SDKROOT = iphoneos;
				SWIFT_COMPILATION_MODE = wholemodule;
				SWIFT_OPTIMIZATION_LEVEL = "-O";
				VALIDATE_PRODUCT = YES;
			};
			name = Release;
		};
		8065AA802686668100F53A5A /* Debug */ = {
			isa = XCBuildConfiguration;
			baseConfigurationReference = C7969A187512FC95EDCA412C /* Pods-LOGIT.debug.xcconfig */;
			buildSettings = {
				ASSETCATALOG_COMPILER_APPICON_NAME = AppIcon;
				ASSETCATALOG_COMPILER_GLOBAL_ACCENT_COLOR_NAME = AccentColor;
				CODE_SIGN_ENTITLEMENTS = LOGIT./LOGIT..entitlements;
				CODE_SIGN_IDENTITY = "Apple Development";
				"CODE_SIGN_IDENTITY[sdk=*]" = "Apple Development";
				CODE_SIGN_STYLE = Automatic;
				CURRENT_PROJECT_VERSION = 2;
				DEVELOPMENT_TEAM = S2F6F7JZ8C;
				ENABLE_PREVIEWS = YES;
				INFOPLIST_FILE = LOGIT./Info.plist;
				INFOPLIST_KEY_CFBundleDisplayName = LOGIT;
				IPHONEOS_DEPLOYMENT_TARGET = 16.0;
				LD_RUNPATH_SEARCH_PATHS = (
					"$(inherited)",
					"@executable_path/Frameworks",
				);
				MARKETING_VERSION = 1.3.1;
				PRODUCT_BUNDLE_IDENTIFIER = .com.lukaskbl.LOGIT;
				PRODUCT_NAME = "$(TARGET_NAME)";
				PROVISIONING_PROFILE_SPECIFIER = "";
				SUPPORTED_PLATFORMS = "iphoneos iphonesimulator";
				SUPPORTS_MACCATALYST = NO;
				SUPPORTS_MAC_DESIGNED_FOR_IPHONE_IPAD = NO;
				SWIFT_VERSION = 5.0;
				TARGETED_DEVICE_FAMILY = 1;
			};
			name = Debug;
		};
		8065AA812686668100F53A5A /* Release */ = {
			isa = XCBuildConfiguration;
			baseConfigurationReference = 785C8439CB08BCB0A0AB4DBD /* Pods-LOGIT.release.xcconfig */;
			buildSettings = {
				ASSETCATALOG_COMPILER_APPICON_NAME = AppIcon;
				ASSETCATALOG_COMPILER_GLOBAL_ACCENT_COLOR_NAME = AccentColor;
				CODE_SIGN_ENTITLEMENTS = LOGIT./LOGIT..entitlements;
				CODE_SIGN_IDENTITY = "Apple Development";
				CODE_SIGN_STYLE = Automatic;
				CURRENT_PROJECT_VERSION = 2;
				DEVELOPMENT_TEAM = S2F6F7JZ8C;
				ENABLE_PREVIEWS = YES;
				INFOPLIST_FILE = LOGIT./Info.plist;
				INFOPLIST_KEY_CFBundleDisplayName = LOGIT;
				IPHONEOS_DEPLOYMENT_TARGET = 16.0;
				LD_RUNPATH_SEARCH_PATHS = (
					"$(inherited)",
					"@executable_path/Frameworks",
				);
				MARKETING_VERSION = 1.3.1;
				PRODUCT_BUNDLE_IDENTIFIER = .com.lukaskbl.LOGIT;
				PRODUCT_NAME = "$(TARGET_NAME)";
				SUPPORTED_PLATFORMS = "iphoneos iphonesimulator";
				SUPPORTS_MACCATALYST = NO;
				SUPPORTS_MAC_DESIGNED_FOR_IPHONE_IPAD = NO;
				SWIFT_VERSION = 5.0;
				TARGETED_DEVICE_FAMILY = 1;
			};
			name = Release;
		};
/* End XCBuildConfiguration section */

/* Begin XCConfigurationList section */
		79E8490F2A7EA28100C0DF95 /* Build configuration list for PBXNativeTarget "LOGITTests" */ = {
			isa = XCConfigurationList;
			buildConfigurations = (
				79E8490D2A7EA28100C0DF95 /* Debug */,
				79E8490E2A7EA28100C0DF95 /* Release */,
			);
			defaultConfigurationIsVisible = 0;
			defaultConfigurationName = Release;
		};
		8065AA662686667F00F53A5A /* Build configuration list for PBXProject "LOGIT" */ = {
			isa = XCConfigurationList;
			buildConfigurations = (
				8065AA7D2686668100F53A5A /* Debug */,
				8065AA7E2686668100F53A5A /* Release */,
			);
			defaultConfigurationIsVisible = 0;
			defaultConfigurationName = Release;
		};
		8065AA7F2686668100F53A5A /* Build configuration list for PBXNativeTarget "LOGIT" */ = {
			isa = XCConfigurationList;
			buildConfigurations = (
				8065AA802686668100F53A5A /* Debug */,
				8065AA812686668100F53A5A /* Release */,
			);
			defaultConfigurationIsVisible = 0;
			defaultConfigurationName = Release;
		};
/* End XCConfigurationList section */

/* Begin XCVersionGroup section */
		8065AA792686668100F53A5A /* LOGIT.xcdatamodeld */ = {
			isa = XCVersionGroup;
			children = (
				8065AA7A2686668100F53A5A /* WorkoutDiary.xcdatamodel */,
			);
			currentVersion = 8065AA7A2686668100F53A5A /* WorkoutDiary.xcdatamodel */;
			path = LOGIT.xcdatamodeld;
			sourceTree = "<group>";
			versionGroupType = wrapper.xcdatamodel;
		};
/* End XCVersionGroup section */
	};
	rootObject = 8065AA632686667F00F53A5A /* Project object */;
}
